// !$*UTF8*$!
{
	archiveVersion = 1;
	classes = {
	};
	objectVersion = 46;
	objects = {

/* Begin PBXBuildFile section */
		F1EE57411E77298400156452 /* AppDelegate.swift in Sources */ = {isa = PBXBuildFile; fileRef = F1EE57401E77298400156452 /* AppDelegate.swift */; };
		F1EE57431E77298400156452 /* ViewController.swift in Sources */ = {isa = PBXBuildFile; fileRef = F1EE57421E77298400156452 /* ViewController.swift */; };
		F1EE57461E77298400156452 /* Main.storyboard in Resources */ = {isa = PBXBuildFile; fileRef = F1EE57441E77298400156452 /* Main.storyboard */; };
		F1EE57481E77298400156452 /* Assets.xcassets in Resources */ = {isa = PBXBuildFile; fileRef = F1EE57471E77298400156452 /* Assets.xcassets */; };
		F1EE574B1E77298400156452 /* LaunchScreen.storyboard in Resources */ = {isa = PBXBuildFile; fileRef = F1EE57491E77298400156452 /* LaunchScreen.storyboard */; };
		F1EE57561E77298400156452 /* RainyShinyTests.swift in Sources */ = {isa = PBXBuildFile; fileRef = F1EE57551E77298400156452 /* RainyShinyTests.swift */; };
/* End PBXBuildFile section */

/* Begin PBXContainerItemProxy section */
		F1EE57521E77298400156452 /* PBXContainerItemProxy */ = {
			isa = PBXContainerItemProxy;
			containerPortal = F1EE57351E77298400156452 /* Project object */;
			proxyType = 1;
			remoteGlobalIDString = F1EE573C1E77298400156452;
			remoteInfo = RainyShiny;
		};
/* End PBXContainerItemProxy section */

/* Begin PBXFileReference section */
		F1EE573D1E77298400156452 /* RainyShiny.app */ = {isa = PBXFileReference; explicitFileType = wrapper.application; includeInIndex = 0; path = RainyShiny.app; sourceTree = BUILT_PRODUCTS_DIR; };
		F1EE57401E77298400156452 /* AppDelegate.swift */ = {isa = PBXFileReference; lastKnownFileType = sourcecode.swift; path = AppDelegate.swift; sourceTree = "<group>"; };
		F1EE57421E77298400156452 /* ViewController.swift */ = {isa = PBXFileReference; lastKnownFileType = sourcecode.swift; path = ViewController.swift; sourceTree = "<group>"; };
		F1EE57451E77298400156452 /* Base */ = {isa = PBXFileReference; lastKnownFileType = file.storyboard; name = Base; path = Base.lproj/Main.storyboard; sourceTree = "<group>"; };
		F1EE57471E77298400156452 /* Assets.xcassets */ = {isa = PBXFileReference; lastKnownFileType = folder.assetcatalog; path = Assets.xcassets; sourceTree = "<group>"; };
		F1EE574A1E77298400156452 /* Base */ = {isa = PBXFileReference; lastKnownFileType = file.storyboard; name = Base; path = Base.lproj/LaunchScreen.storyboard; sourceTree = "<group>"; };
		F1EE574C1E77298400156452 /* Info.plist */ = {isa = PBXFileReference; lastKnownFileType = text.plist.xml; path = Info.plist; sourceTree = "<group>"; };
		F1EE57511E77298400156452 /* RainyShinyTests.xctest */ = {isa = PBXFileReference; explicitFileType = wrapper.cfbundle; includeInIndex = 0; path = RainyShinyTests.xctest; sourceTree = BUILT_PRODUCTS_DIR; };
		F1EE57551E77298400156452 /* RainyShinyTests.swift */ = {isa = PBXFileReference; lastKnownFileType = sourcecode.swift; path = RainyShinyTests.swift; sourceTree = "<group>"; };
		F1EE57571E77298400156452 /* Info.plist */ = {isa = PBXFileReference; lastKnownFileType = text.plist.xml; path = Info.plist; sourceTree = "<group>"; };
/* End PBXFileReference section */

/* Begin PBXFrameworksBuildPhase section */
		F1EE573A1E77298400156452 /* Frameworks */ = {
			isa = PBXFrameworksBuildPhase;
			buildActionMask = 2147483647;
			files = (
			);
			runOnlyForDeploymentPostprocessing = 0;
		};
		F1EE574E1E77298400156452 /* Frameworks */ = {
			isa = PBXFrameworksBuildPhase;
			buildActionMask = 2147483647;
			files = (
			);
			runOnlyForDeploymentPostprocessing = 0;
		};
/* End PBXFrameworksBuildPhase section */

/* Begin PBXGroup section */
		F1EE57341E77298400156452 = {
			isa = PBXGroup;
			children = (
				F1EE573F1E77298400156452 /* RainyShiny */,
				F1EE57541E77298400156452 /* RainyShinyTests */,
				F1EE573E1E77298400156452 /* Products */,
			);
			sourceTree = "<group>";
		};
		F1EE573E1E77298400156452 /* Products */ = {
			isa = PBXGroup;
			children = (
				F1EE573D1E77298400156452 /* RainyShiny.app */,
				F1EE57511E77298400156452 /* RainyShinyTests.xctest */,
			);
			name = Products;
			sourceTree = "<group>";
		};
		F1EE573F1E77298400156452 /* RainyShiny */ = {
			isa = PBXGroup;
			children = (
				F1EE57401E77298400156452 /* AppDelegate.swift */,
				F1EE57421E77298400156452 /* ViewController.swift */,
				F1EE57441E77298400156452 /* Main.storyboard */,
				F1EE57471E77298400156452 /* Assets.xcassets */,
				F1EE57491E77298400156452 /* LaunchScreen.storyboard */,
				F1EE574C1E77298400156452 /* Info.plist */,
			);
			path = RainyShiny;
			sourceTree = "<group>";
		};
		F1EE57541E77298400156452 /* RainyShinyTests */ = {
			isa = PBXGroup;
			children = (
				F1EE57551E77298400156452 /* RainyShinyTests.swift */,
				F1EE57571E77298400156452 /* Info.plist */,
			);
			path = RainyShinyTests;
			sourceTree = "<group>";
		};
/* End PBXGroup section */

/* Begin PBXNativeTarget section */
		F1EE573C1E77298400156452 /* RainyShiny */ = {
			isa = PBXNativeTarget;
			buildConfigurationList = F1EE575A1E77298400156452 /* Build configuration list for PBXNativeTarget "RainyShiny" */;
			buildPhases = (
				F1EE57391E77298400156452 /* Sources */,
				F1EE573A1E77298400156452 /* Frameworks */,
				F1EE573B1E77298400156452 /* Resources */,
			);
			buildRules = (
			);
			dependencies = (
			);
			name = RainyShiny;
			productName = RainyShiny;
			productReference = F1EE573D1E77298400156452 /* RainyShiny.app */;
			productType = "com.apple.product-type.application";
		};
		F1EE57501E77298400156452 /* RainyShinyTests */ = {
			isa = PBXNativeTarget;
			buildConfigurationList = F1EE575D1E77298400156452 /* Build configuration list for PBXNativeTarget "RainyShinyTests" */;
			buildPhases = (
				F1EE574D1E77298400156452 /* Sources */,
				F1EE574E1E77298400156452 /* Frameworks */,
				F1EE574F1E77298400156452 /* Resources */,
			);
			buildRules = (
			);
			dependencies = (
				F1EE57531E77298400156452 /* PBXTargetDependency */,
			);
			name = RainyShinyTests;
			productName = RainyShinyTests;
			productReference = F1EE57511E77298400156452 /* RainyShinyTests.xctest */;
			productType = "com.apple.product-type.bundle.unit-test";
		};
/* End PBXNativeTarget section */

/* Begin PBXProject section */
		F1EE57351E77298400156452 /* Project object */ = {
			isa = PBXProject;
			attributes = {
				LastSwiftUpdateCheck = 0820;
				LastUpgradeCheck = 0820;
				ORGANIZATIONNAME = "Guillian Balisi";
				TargetAttributes = {
					F1EE573C1E77298400156452 = {
						CreatedOnToolsVersion = 8.2.1;
						DevelopmentTeam = 5AWC2N2F5R;
						ProvisioningStyle = Automatic;
					};
					F1EE57501E77298400156452 = {
						CreatedOnToolsVersion = 8.2.1;
						DevelopmentTeam = 5AWC2N2F5R;
						ProvisioningStyle = Automatic;
						TestTargetID = F1EE573C1E77298400156452;
					};
				};
			};
			buildConfigurationList = F1EE57381E77298400156452 /* Build configuration list for PBXProject "RainyShiny" */;
			compatibilityVersion = "Xcode 3.2";
			developmentRegion = English;
			hasScannedForEncodings = 0;
			knownRegions = (
				en,
				Base,
			);
			mainGroup = F1EE57341E77298400156452;
			productRefGroup = F1EE573E1E77298400156452 /* Products */;
			projectDirPath = "";
			projectRoot = "";
			targets = (
				F1EE573C1E77298400156452 /* RainyShiny */,
				F1EE57501E77298400156452 /* RainyShinyTests */,
			);
		};
/* End PBXProject section */

/* Begin PBXResourcesBuildPhase section */
		F1EE573B1E77298400156452 /* Resources */ = {
			isa = PBXResourcesBuildPhase;
			buildActionMask = 2147483647;
			files = (
				F1EE574B1E77298400156452 /* LaunchScreen.storyboard in Resources */,
				F1EE57481E77298400156452 /* Assets.xcassets in Resources */,
				F1EE57461E77298400156452 /* Main.storyboard in Resources */,
			);
			runOnlyForDeploymentPostprocessing = 0;
		};
		F1EE574F1E77298400156452 /* Resources */ = {
			isa = PBXResourcesBuildPhase;
			buildActionMask = 2147483647;
			files = (
			);
			runOnlyForDeploymentPostprocessing = 0;
		};
/* End PBXResourcesBuildPhase section */

/* Begin PBXSourcesBuildPhase section */
		F1EE57391E77298400156452 /* Sources */ = {
			isa = PBXSourcesBuildPhase;
			buildActionMask = 2147483647;
			files = (
				F1EE57431E77298400156452 /* ViewController.swift in Sources */,
				F1EE57411E77298400156452 /* AppDelegate.swift in Sources */,
			);
			runOnlyForDeploymentPostprocessing = 0;
		};
		F1EE574D1E77298400156452 /* Sources */ = {
			isa = PBXSourcesBuildPhase;
			buildActionMask = 2147483647;
			files = (
				F1EE57561E77298400156452 /* RainyShinyTests.swift in Sources */,
			);
			runOnlyForDeploymentPostprocessing = 0;
		};
/* End PBXSourcesBuildPhase section */

/* Begin PBXTargetDependency section */
		F1EE57531E77298400156452 /* PBXTargetDependency */ = {
			isa = PBXTargetDependency;
			target = F1EE573C1E77298400156452 /* RainyShiny */;
			targetProxy = F1EE57521E77298400156452 /* PBXContainerItemProxy */;
		};
/* End PBXTargetDependency section */

/* Begin PBXVariantGroup section */
		F1EE57441E77298400156452 /* Main.storyboard */ = {
			isa = PBXVariantGroup;
			children = (
				F1EE57451E77298400156452 /* Base */,
			);
			name = Main.storyboard;
			sourceTree = "<group>";
		};
		F1EE57491E77298400156452 /* LaunchScreen.storyboard */ = {
			isa = PBXVariantGroup;
			children = (
				F1EE574A1E77298400156452 /* Base */,
			);
			name = LaunchScreen.storyboard;
			sourceTree = "<group>";
		};
/* End PBXVariantGroup section */

/* Begin XCBuildConfiguration section */
		F1EE57581E77298400156452 /* Debug */ = {
			isa = XCBuildConfiguration;
			buildSettings = {
				ALWAYS_SEARCH_USER_PATHS = NO;
				CLANG_ANALYZER_NONNULL = YES;
				CLANG_CXX_LANGUAGE_STANDARD = "gnu++0x";
				CLANG_CXX_LIBRARY = "libc++";
				CLANG_ENABLE_MODULES = YES;
				CLANG_ENABLE_OBJC_ARC = YES;
				CLANG_WARN_BOOL_CONVERSION = YES;
				CLANG_WARN_CONSTANT_CONVERSION = YES;
				CLANG_WARN_DIRECT_OBJC_ISA_USAGE = YES_ERROR;
				CLANG_WARN_DOCUMENTATION_COMMENTS = YES;
				CLANG_WARN_EMPTY_BODY = YES;
				CLANG_WARN_ENUM_CONVERSION = YES;
				CLANG_WARN_INFINITE_RECURSION = YES;
				CLANG_WARN_INT_CONVERSION = YES;
				CLANG_WARN_OBJC_ROOT_CLASS = YES_ERROR;
				CLANG_WARN_SUSPICIOUS_MOVE = YES;
				CLANG_WARN_UNREACHABLE_CODE = YES;
				CLANG_WARN__DUPLICATE_METHOD_MATCH = YES;
				"CODE_SIGN_IDENTITY[sdk=iphoneos*]" = "iPhone Developer";
				COPY_PHASE_STRIP = NO;
				DEBUG_INFORMATION_FORMAT = dwarf;
				ENABLE_STRICT_OBJC_MSGSEND = YES;
				ENABLE_TESTABILITY = YES;
				GCC_C_LANGUAGE_STANDARD = gnu99;
				GCC_DYNAMIC_NO_PIC = NO;
				GCC_NO_COMMON_BLOCKS = YES;
				GCC_OPTIMIZATION_LEVEL = 0;
				GCC_PREPROCESSOR_DEFINITIONS = (
					"DEBUG=1",
					"$(inherited)",
				);
				GCC_WARN_64_TO_32_BIT_CONVERSION = YES;
				GCC_WARN_ABOUT_RETURN_TYPE = YES_ERROR;
				GCC_WARN_UNDECLARED_SELECTOR = YES;
				GCC_WARN_UNINITIALIZED_AUTOS = YES_AGGRESSIVE;
				GCC_WARN_UNUSED_FUNCTION = YES;
				GCC_WARN_UNUSED_VARIABLE = YES;
				IPHONEOS_DEPLOYMENT_TARGET = 10.2;
				MTL_ENABLE_DEBUG_INFO = YES;
				ONLY_ACTIVE_ARCH = YES;
				SDKROOT = iphoneos;
				SWIFT_ACTIVE_COMPILATION_CONDITIONS = DEBUG;
				SWIFT_OPTIMIZATION_LEVEL = "-Onone";
			};
			name = Debug;
		};
		F1EE57591E77298400156452 /* Release */ = {
			isa = XCBuildConfiguration;
			buildSettings = {
				ALWAYS_SEARCH_USER_PATHS = NO;
				CLANG_ANALYZER_NONNULL = YES;
				CLANG_CXX_LANGUAGE_STANDARD = "gnu++0x";
				CLANG_CXX_LIBRARY = "libc++";
				CLANG_ENABLE_MODULES = YES;
				CLANG_ENABLE_OBJC_ARC = YES;
				CLANG_WARN_BOOL_CONVERSION = YES;
				CLANG_WARN_CONSTANT_CONVERSION = YES;
				CLANG_WARN_DIRECT_OBJC_ISA_USAGE = YES_ERROR;
				CLANG_WARN_DOCUMENTATION_COMMENTS = YES;
				CLANG_WARN_EMPTY_BODY = YES;
				CLANG_WARN_ENUM_CONVERSION = YES;
				CLANG_WARN_INFINITE_RECURSION = YES;
				CLANG_WARN_INT_CONVERSION = YES;
				CLANG_WARN_OBJC_ROOT_CLASS = YES_ERROR;
				CLANG_WARN_SUSPICIOUS_MOVE = YES;
				CLANG_WARN_UNREACHABLE_CODE = YES;
				CLANG_WARN__DUPLICATE_METHOD_MATCH = YES;
				"CODE_SIGN_IDENTITY[sdk=iphoneos*]" = "iPhone Developer";
				COPY_PHASE_STRIP = NO;
				DEBUG_INFORMATION_FORMAT = "dwarf-with-dsym";
				ENABLE_NS_ASSERTIONS = NO;
				ENABLE_STRICT_OBJC_MSGSEND = YES;
				GCC_C_LANGUAGE_STANDARD = gnu99;
				GCC_NO_COMMON_BLOCKS = YES;
				GCC_WARN_64_TO_32_BIT_CONVERSION = YES;
				GCC_WARN_ABOUT_RETURN_TYPE = YES_ERROR;
				GCC_WARN_UNDECLARED_SELECTOR = YES;
				GCC_WARN_UNINITIALIZED_AUTOS = YES_AGGRESSIVE;
				GCC_WARN_UNUSED_FUNCTION = YES;
				GCC_WARN_UNUSED_VARIABLE = YES;
				IPHONEOS_DEPLOYMENT_TARGET = 10.2;
				MTL_ENABLE_DEBUG_INFO = NO;
				SDKROOT = iphoneos;
				SWIFT_OPTIMIZATION_LEVEL = "-Owholemodule";
				VALIDATE_PRODUCT = YES;
			};
			name = Release;
		};
		F1EE575B1E77298400156452 /* Debug */ = {
			isa = XCBuildConfiguration;
			buildSettings = {
				ASSETCATALOG_COMPILER_APPICON_NAME = AppIcon;
				DEVELOPMENT_TEAM = 5AWC2N2F5R;
				INFOPLIST_FILE = RainyShiny/Info.plist;
				LD_RUNPATH_SEARCH_PATHS = "$(inherited) @executable_path/Frameworks";
				PRODUCT_BUNDLE_IDENTIFIER = com.balisiga.RainyShiny;
				PRODUCT_NAME = "$(TARGET_NAME)";
				SWIFT_VERSION = 3.0;
			};
			name = Debug;
		};
		F1EE575C1E77298400156452 /* Release */ = {
			isa = XCBuildConfiguration;
			buildSettings = {
				ASSETCATALOG_COMPILER_APPICON_NAME = AppIcon;
				DEVELOPMENT_TEAM = 5AWC2N2F5R;
				INFOPLIST_FILE = RainyShiny/Info.plist;
				LD_RUNPATH_SEARCH_PATHS = "$(inherited) @executable_path/Frameworks";
				PRODUCT_BUNDLE_IDENTIFIER = com.balisiga.RainyShiny;
				PRODUCT_NAME = "$(TARGET_NAME)";
				SWIFT_VERSION = 3.0;
			};
			name = Release;
		};
		F1EE575E1E77298400156452 /* Debug */ = {
			isa = XCBuildConfiguration;
			buildSettings = {
				ALWAYS_EMBED_SWIFT_STANDARD_LIBRARIES = YES;
				BUNDLE_LOADER = "$(TEST_HOST)";
				DEVELOPMENT_TEAM = 5AWC2N2F5R;
				INFOPLIST_FILE = RainyShinyTests/Info.plist;
				LD_RUNPATH_SEARCH_PATHS = "$(inherited) @executable_path/Frameworks @loader_path/Frameworks";
				PRODUCT_BUNDLE_IDENTIFIER = com.balisiga.RainyShinyTests;
				PRODUCT_NAME = "$(TARGET_NAME)";
				SWIFT_VERSION = 3.0;
				TEST_HOST = "$(BUILT_PRODUCTS_DIR)/RainyShiny.app/RainyShiny";
			};
			name = Debug;
		};
		F1EE575F1E77298400156452 /* Release */ = {
			isa = XCBuildConfiguration;
			buildSettings = {
				ALWAYS_EMBED_SWIFT_STANDARD_LIBRARIES = YES;
				BUNDLE_LOADER = "$(TEST_HOST)";
				DEVELOPMENT_TEAM = 5AWC2N2F5R;
				INFOPLIST_FILE = RainyShinyTests/Info.plist;
				LD_RUNPATH_SEARCH_PATHS = "$(inherited) @executable_path/Frameworks @loader_path/Frameworks";
				PRODUCT_BUNDLE_IDENTIFIER = com.balisiga.RainyShinyTests;
				PRODUCT_NAME = "$(TARGET_NAME)";
				SWIFT_VERSION = 3.0;
				TEST_HOST = "$(BUILT_PRODUCTS_DIR)/RainyShiny.app/RainyShiny";
			};
			name = Release;
		};
/* End XCBuildConfiguration section */

/* Begin XCConfigurationList section */
		F1EE57381E77298400156452 /* Build configuration list for PBXProject "RainyShiny" */ = {
			isa = XCConfigurationList;
			buildConfigurations = (
				F1EE57581E77298400156452 /* Debug */,
				F1EE57591E77298400156452 /* Release */,
			);
			defaultConfigurationIsVisible = 0;
			defaultConfigurationName = Release;
		};
		F1EE575A1E77298400156452 /* Build configuration list for PBXNativeTarget "RainyShiny" */ = {
			isa = XCConfigurationList;
			buildConfigurations = (
				F1EE575B1E77298400156452 /* Debug */,
				F1EE575C1E77298400156452 /* Release */,
			);
			defaultConfigurationIsVisible = 0;
		};
		F1EE575D1E77298400156452 /* Build configuration list for PBXNativeTarget "RainyShinyTests" */ = {
			isa = XCConfigurationList;
			buildConfigurations = (
				F1EE575E1E77298400156452 /* Debug */,
				F1EE575F1E77298400156452 /* Release */,
			);
			defaultConfigurationIsVisible = 0;
		};
/* End XCConfigurationList section */
	};
	rootObject = F1EE57351E77298400156452 /* Project object */;
}
